
Microsoft Visual Studio Solution File, Format Version 12.00
Project("{FAE04EC0-301F-11D3-BF4B-00C04F79EFBC}") = "Curriculum", "Curriculum\Curriculum.csproj", "{3EAA304A-CE5D-41F4-A5F9-82CF079B1CF9}"
EndProject
Global
	GlobalSection(SolutionConfigurationPlatforms) = preSolution
		Debug|Any CPU = Debug|Any CPU
		Release|Any CPU = Release|Any CPU
	EndGlobalSection
	GlobalSection(ProjectConfigurationPlatforms) = postSolution
		{3EAA304A-CE5D-41F4-A5F9-82CF079B1CF9}.Debug|Any CPU.ActiveCfg = Debug|Any CPU
		{3EAA304A-CE5D-41F4-A5F9-82CF079B1CF9}.Debug|Any CPU.Build.0 = Debug|Any CPU
		{3EAA304A-CE5D-41F4-A5F9-82CF079B1CF9}.Release|Any CPU.ActiveCfg = Release|Any CPU
		{3EAA304A-CE5D-41F4-A5F9-82CF079B1CF9}.Release|Any CPU.Build.0 = Release|Any CPU
	EndGlobalSection
EndGlobal
